
Microsoft Visual Studio Solution File, Format Version 12.00
# Visual Studio Version 17
VisualStudioVersion = 17.14.36121.58 d17.14
MinimumVisualStudioVersion = 10.0.40219.1
Project("{FAE04EC0-301F-11D3-BF4B-00C04F79EFBC}") = "TdgFontScanner", "TdgFontScanner\TdgFontScanner.csproj", "{423CAB38-594A-49E8-B735-2DDAE373A701}"
EndProject
Global
	GlobalSection(SolutionConfigurationPlatforms) = preSolution
		Debug|Any CPU = Debug|Any CPU
		Release|Any CPU = Release|Any CPU
	EndGlobalSection
	GlobalSection(ProjectConfigurationPlatforms) = postSolution
		{423CAB38-594A-49E8-B735-2DDAE373A701}.Debug|Any CPU.ActiveCfg = Debug|Any CPU
		{423CAB38-594A-49E8-B735-2DDAE373A701}.Debug|Any CPU.Build.0 = Debug|Any CPU
		{423CAB38-594A-49E8-B735-2DDAE373A701}.Release|Any CPU.ActiveCfg = Release|Any CPU
		{423CAB38-594A-49E8-B735-2DDAE373A701}.Release|Any CPU.Build.0 = Release|Any CPU
	EndGlobalSection
	GlobalSection(SolutionProperties) = preSolution
		HideSolutionNode = FALSE
	EndGlobalSection
	GlobalSection(ExtensibilityGlobals) = postSolution
		SolutionGuid = {58AEBE3D-FC11-449B-9DEE-D5EDA5FF0F15}
	EndGlobalSection
EndGlobal
